{
  "originHash" : "7ac6e70022486e82bf8998d62774f1ac23b695fc2c4f55d43bfcc432a283aea9",
  "pins" : [
    {
      "identity" : "moviekit",
      "kind" : "remoteSourceControl",
      "location" : "https://github.com/Momeks/MovieKit.git",
      "state" : {
        "branch" : "main",
        "revision" : "bb6bd8e972f27629941f8b34487ada60d0a3f47a"
      }
    },
    {
      "identity" : "networkkit",
      "kind" : "remoteSourceControl",
      "location" : "https://github.com/Momeks/NetworkKit.git",
      "state" : {
        "branch" : "main",
        "revision" : "802ab7ef38caf757d2e0c88d88d546efe16e399b"
      }
    }
  ],
  "version" : 3
}
