{
  "originHash" : "dfba7423dc7e016d3780449d1809a8fa60307c2d8889bfd02ccf60e8fd5ca246",
  "pins" : [
    {
      "identity" : "moviekit",
      "kind" : "remoteSourceControl",
      "location" : "https://github.com/Momeks/MovieKit.git",
      "state" : {
        "branch" : "main",
        "revision" : "bb6bd8e972f27629941f8b34487ada60d0a3f47a"
      }
    },
    {
      "identity" : "networkkit",
      "kind" : "remoteSourceControl",
      "location" : "git@github.com:Momeks/NetworkKit.git",
      "state" : {
        "branch" : "main",
        "revision" : "802ab7ef38caf757d2e0c88d88d546efe16e399b"
      }
    }
  ],
  "version" : 3
}
